
Microsoft Visual Studio Solution File, Format Version 12.00
# Visual Studio 15
VisualStudioVersion = 15.0.28010.2048
MinimumVisualStudioVersion = 10.0.40219.1
Project("{FAE04EC0-301F-11D3-BF4B-00C04F79EFBC}") = "InternshipApplicationTest.WinformsUI", "InternshipApplicationTest.WinformsUI\InternshipApplicationTest.WinformsUI.csproj", "{7575C9BD-C80A-49D2-91F6-7755879671F4}"
EndProject
Project("{FAE04EC0-301F-11D3-BF4B-00C04F79EFBC}") = "InternshipApplicationTest.WebAPI", "InternshipApplicationTest.WebAPI\InternshipApplicationTest.WebAPI.csproj", "{2851EE13-78D9-4A8D-9972-E3EA48BFC9F2}"
EndProject
Project("{FAE04EC0-301F-11D3-BF4B-00C04F79EFBC}") = "Common", "Common\Common.csproj", "{5C77F185-FA86-4D4B-81A9-44CB04EC517C}"
EndProject
Project("{9A19103F-16F7-4668-BE54-9A1E7A4F7556}") = "InternshipApplicationTest.AngularUI", "InternshipApplicationTest.AngularUI\InternshipApplicationTest.AngularUI.csproj", "{56D8D339-37ED-41BF-BD71-A83BE9A2B6FD}"
EndProject
Project("{FAE04EC0-301F-11D3-BF4B-00C04F79EFBC}") = "InternshipApplicationTest.WpfUI", "InternshipApplicationTest.WpfUI\InternshipApplicationTest.WpfUI\InternshipApplicationTest.WpfUI.csproj", "{8A2C97BA-9A1E-46E0-B7A0-6998445ADFE3}"
EndProject
Global
	GlobalSection(SolutionConfigurationPlatforms) = preSolution
		Debug|Any CPU = Debug|Any CPU
		Release|Any CPU = Release|Any CPU
	EndGlobalSection
	GlobalSection(ProjectConfigurationPlatforms) = postSolution
		{7575C9BD-C80A-49D2-91F6-7755879671F4}.Debug|Any CPU.ActiveCfg = Debug|Any CPU
		{7575C9BD-C80A-49D2-91F6-7755879671F4}.Debug|Any CPU.Build.0 = Debug|Any CPU
		{7575C9BD-C80A-49D2-91F6-7755879671F4}.Release|Any CPU.ActiveCfg = Release|Any CPU
		{7575C9BD-C80A-49D2-91F6-7755879671F4}.Release|Any CPU.Build.0 = Release|Any CPU
		{2851EE13-78D9-4A8D-9972-E3EA48BFC9F2}.Debug|Any CPU.ActiveCfg = Debug|Any CPU
		{2851EE13-78D9-4A8D-9972-E3EA48BFC9F2}.Debug|Any CPU.Build.0 = Debug|Any CPU
		{2851EE13-78D9-4A8D-9972-E3EA48BFC9F2}.Release|Any CPU.ActiveCfg = Release|Any CPU
		{2851EE13-78D9-4A8D-9972-E3EA48BFC9F2}.Release|Any CPU.Build.0 = Release|Any CPU
		{5C77F185-FA86-4D4B-81A9-44CB04EC517C}.Debug|Any CPU.ActiveCfg = Debug|Any CPU
		{5C77F185-FA86-4D4B-81A9-44CB04EC517C}.Debug|Any CPU.Build.0 = Debug|Any CPU
		{5C77F185-FA86-4D4B-81A9-44CB04EC517C}.Release|Any CPU.ActiveCfg = Release|Any CPU
		{5C77F185-FA86-4D4B-81A9-44CB04EC517C}.Release|Any CPU.Build.0 = Release|Any CPU
		{56D8D339-37ED-41BF-BD71-A83BE9A2B6FD}.Debug|Any CPU.ActiveCfg = Debug|Any CPU
		{56D8D339-37ED-41BF-BD71-A83BE9A2B6FD}.Debug|Any CPU.Build.0 = Debug|Any CPU
		{56D8D339-37ED-41BF-BD71-A83BE9A2B6FD}.Release|Any CPU.ActiveCfg = Release|Any CPU
		{56D8D339-37ED-41BF-BD71-A83BE9A2B6FD}.Release|Any CPU.Build.0 = Release|Any CPU
		{8A2C97BA-9A1E-46E0-B7A0-6998445ADFE3}.Debug|Any CPU.ActiveCfg = Debug|Any CPU
		{8A2C97BA-9A1E-46E0-B7A0-6998445ADFE3}.Debug|Any CPU.Build.0 = Debug|Any CPU
		{8A2C97BA-9A1E-46E0-B7A0-6998445ADFE3}.Release|Any CPU.ActiveCfg = Release|Any CPU
		{8A2C97BA-9A1E-46E0-B7A0-6998445ADFE3}.Release|Any CPU.Build.0 = Release|Any CPU
	EndGlobalSection
	GlobalSection(SolutionProperties) = preSolution
		HideSolutionNode = FALSE
	EndGlobalSection
	GlobalSection(ExtensibilityGlobals) = postSolution
		SolutionGuid = {4E98E673-EC7C-4845-B98F-D150E2B7FD7D}
	EndGlobalSection
EndGlobal
